
Microsoft Visual Studio Solution File, Format Version 12.00
# Visual Studio Version 16
VisualStudioVersion = 16.0.29503.13
MinimumVisualStudioVersion = 10.0.40219.1
Project("{FAE04EC0-301F-11D3-BF4B-00C04F79EFBC}") = "Taki_lala", "Taki_lala\Taki_lala.csproj", "{623F57AC-DD2E-4C80-BCDC-30D26AD5E2F2}"
EndProject
Global
	GlobalSection(SolutionConfigurationPlatforms) = preSolution
		Debug|Any CPU = Debug|Any CPU
		Release|Any CPU = Release|Any CPU
	EndGlobalSection
	GlobalSection(ProjectConfigurationPlatforms) = postSolution
		{623F57AC-DD2E-4C80-BCDC-30D26AD5E2F2}.Debug|Any CPU.ActiveCfg = Debug|Any CPU
		{623F57AC-DD2E-4C80-BCDC-30D26AD5E2F2}.Debug|Any CPU.Build.0 = Debug|Any CPU
		{623F57AC-DD2E-4C80-BCDC-30D26AD5E2F2}.Release|Any CPU.ActiveCfg = Release|Any CPU
		{623F57AC-DD2E-4C80-BCDC-30D26AD5E2F2}.Release|Any CPU.Build.0 = Release|Any CPU
	EndGlobalSection
	GlobalSection(SolutionProperties) = preSolution
		HideSolutionNode = FALSE
	EndGlobalSection
	GlobalSection(ExtensibilityGlobals) = postSolution
		SolutionGuid = {52B8C8DB-213C-4754-8F5C-5514CD558270}
	EndGlobalSection
EndGlobal
